
Microsoft Visual Studio Solution File, Format Version 12.00
# Visual Studio Version 17
VisualStudioVersion = 17.4.33103.184
MinimumVisualStudioVersion = 10.0.40219.1
Project("{8BC9CEB8-8B4A-11D0-8D11-00A0C91BC942}") = "praktika2", "praktika2\praktika2.vcxproj", "{A6C992FC-EA11-4FAC-9EAE-A05EAEF69BEB}"
EndProject
Global
	GlobalSection(SolutionConfigurationPlatforms) = preSolution
		Debug|x64 = Debug|x64
		Debug|x86 = Debug|x86
		Release|x64 = Release|x64
		Release|x86 = Release|x86
	EndGlobalSection
	GlobalSection(ProjectConfigurationPlatforms) = postSolution
		{A6C992FC-EA11-4FAC-9EAE-A05EAEF69BEB}.Debug|x64.ActiveCfg = Debug|x64
		{A6C992FC-EA11-4FAC-9EAE-A05EAEF69BEB}.Debug|x64.Build.0 = Debug|x64
		{A6C992FC-EA11-4FAC-9EAE-A05EAEF69BEB}.Debug|x86.ActiveCfg = Debug|Win32
		{A6C992FC-EA11-4FAC-9EAE-A05EAEF69BEB}.Debug|x86.Build.0 = Debug|Win32
		{A6C992FC-EA11-4FAC-9EAE-A05EAEF69BEB}.Release|x64.ActiveCfg = Release|x64
		{A6C992FC-EA11-4FAC-9EAE-A05EAEF69BEB}.Release|x64.Build.0 = Release|x64
		{A6C992FC-EA11-4FAC-9EAE-A05EAEF69BEB}.Release|x86.ActiveCfg = Release|Win32
		{A6C992FC-EA11-4FAC-9EAE-A05EAEF69BEB}.Release|x86.Build.0 = Release|Win32
	EndGlobalSection
	GlobalSection(SolutionProperties) = preSolution
		HideSolutionNode = FALSE
	EndGlobalSection
	GlobalSection(ExtensibilityGlobals) = postSolution
		SolutionGuid = {A5D02A96-B7EA-46BE-AB9C-A88D4C6BDB22}
	EndGlobalSection
EndGlobal
